{
  "nodes": {
    "emacs-overlay": {
      "flake": false,
      "locked": {
        "lastModified": 1680058124,
        "narHash": "sha256-CjvvSrByLpk2ZHldq7KYBfIxCsVkyH9vptm3axErWvk=",
        "owner": "nix-community",
        "repo": "emacs-overlay",
        "rev": "cc6ed01ef2d28fae346fe537f67956d986bab5e7",
        "type": "github"
      },
      "original": {
        "owner": "nix-community",
        "repo": "emacs-overlay",
        "type": "github"
      }
    },
    "home-manager": {
      "inputs": {
        "nixpkgs": [
          "nixpkgs"
        ],
        "utils": "utils"
      },
      "locked": {
        "lastModified": 1680000368,
        "narHash": "sha256-TlgC4IJ7aotynUdkGRtaAVxquaiddO38Ws89nB7VGY8=",
        "owner": "nix-community",
        "repo": "home-manager",
        "rev": "765e4007b6f9f111469a25d1df6540e8e0ca73a6",
        "type": "github"
      },
      "original": {
        "owner": "nix-community",
        "repo": "home-manager",
        "type": "github"
      }
    },
    "nixpkgs": {
      "locked": {
        "lastModified": 1679944645,
        "narHash": "sha256-e5Qyoe11UZjVfgRfwNoSU57ZeKuEmjYb77B9IVW7L/M=",
        "owner": "nixos",
        "repo": "nixpkgs",
        "rev": "4bb072f0a8b267613c127684e099a70e1f6ff106",
        "type": "github"
      },
      "original": {
        "owner": "nixos",
        "ref": "nixos-unstable",
        "repo": "nixpkgs",
        "type": "github"
      }
    },
    "nur": {
      "locked": {
        "lastModified": 1680058784,
        "narHash": "sha256-KysBW4vTOODh1tVVd5d0fY06z4VqnNNwmeBvRtVNmR0=",
        "owner": "nix-community",
        "repo": "NUR",
        "rev": "96bc90302dbd0b442f32db6ef8adbb09ca543f82",
        "type": "github"
      },
      "original": {
        "owner": "nix-community",
        "repo": "NUR",
        "type": "github"
      }
    },
    "root": {
      "inputs": {
        "emacs-overlay": "emacs-overlay",
        "home-manager": "home-manager",
        "nixpkgs": "nixpkgs",
        "nur": "nur"
      }
    },
    "utils": {
      "locked": {
        "lastModified": 1676283394,
        "narHash": "sha256-XX2f9c3iySLCw54rJ/CZs+ZK6IQy7GXNY4nSOyu2QG4=",
        "owner": "numtide",
        "repo": "flake-utils",
        "rev": "3db36a8b464d0c4532ba1c7dda728f4576d6d073",
        "type": "github"
      },
      "original": {
        "owner": "numtide",
        "repo": "flake-utils",
        "type": "github"
      }
    }
  },
  "root": "root",
  "version": 7
}
