{
  "nodes": {
    "emacs-overlay": {
      "flake": false,
      "locked": {
        "lastModified": 1687540605,
        "narHash": "sha256-I2eL7C4cfIZhDXJzOyakcefwJLKTDnZhag/oeGNhUGc=",
        "owner": "nix-community",
        "repo": "emacs-overlay",
        "rev": "4b5ee9e67f0d645bed26c592705b9c7c6966db14",
        "type": "github"
      },
      "original": {
        "owner": "nix-community",
        "repo": "emacs-overlay",
        "type": "github"
      }
    },
    "home-manager": {
      "inputs": {
        "nixpkgs": [
          "nixpkgs"
        ]
      },
      "locked": {
        "lastModified": 1687506590,
        "narHash": "sha256-CSou9mrG9h/WVRjCptfTrATVxvhmtdQXElmWV/ZkrAs=",
        "owner": "nix-community",
        "repo": "home-manager",
        "rev": "d2b6f2d154bf6b27a93ed895392f80c503df7cfa",
        "type": "github"
      },
      "original": {
        "owner": "nix-community",
        "repo": "home-manager",
        "type": "github"
      }
    },
    "hyprland": {
      "inputs": {
        "hyprland-protocols": "hyprland-protocols",
        "nixpkgs": "nixpkgs",
        "wlroots": "wlroots",
        "xdph": "xdph"
      },
      "locked": {
        "lastModified": 1682080615,
        "narHash": "sha256-g3YTp28uN+YDMHhrrx1bef68/2qIfpWW4zf0XSi9+tg=",
        "owner": "hyprwm",
        "repo": "Hyprland",
        "rev": "2df0d034bc4a18fafb3524401eeeceaa6b23e753",
        "type": "github"
      },
      "original": {
        "owner": "hyprwm",
        "repo": "Hyprland",
        "rev": "2df0d034bc4a18fafb3524401eeeceaa6b23e753",
        "type": "github"
      }
    },
    "hyprland-protocols": {
      "inputs": {
        "nixpkgs": [
          "hyprland",
          "nixpkgs"
        ]
      },
      "locked": {
        "lastModified": 1681065697,
        "narHash": "sha256-QPzwwlGKX95tl6ZEshboZbEwwAXww6lNLdVYd6T9Mrc=",
        "owner": "hyprwm",
        "repo": "hyprland-protocols",
        "rev": "4d29e48433270a2af06b8bc711ca1fe5109746cd",
        "type": "github"
      },
      "original": {
        "owner": "hyprwm",
        "repo": "hyprland-protocols",
        "type": "github"
      }
    },
    "nixpkgs": {
      "locked": {
        "lastModified": 1681557730,
        "narHash": "sha256-j2E3639kS3Qop2jQPyqWCdenZNaqIdxfoTvAHnGuAGI=",
        "owner": "NixOS",
        "repo": "nixpkgs",
        "rev": "85b081528b937df4bfcaee80c3541b58f397df8b",
        "type": "github"
      },
      "original": {
        "owner": "NixOS",
        "ref": "nixos-unstable",
        "repo": "nixpkgs",
        "type": "github"
      }
    },
    "nixpkgs_2": {
      "locked": {
        "lastModified": 1687412861,
        "narHash": "sha256-Z/g0wbL68C+mSGerYS2quv9FXQ1RRP082cAC0Bh4vcs=",
        "owner": "nixos",
        "repo": "nixpkgs",
        "rev": "e603dc5f061ca1d8a19b3ede6a8cf9c9fcba6cdc",
        "type": "github"
      },
      "original": {
        "owner": "nixos",
        "ref": "nixos-unstable",
        "repo": "nixpkgs",
        "type": "github"
      }
    },
    "nur": {
      "locked": {
        "lastModified": 1687544706,
        "narHash": "sha256-X9L/Jntb9iTbo4E6Y6lEDm54NaAxkwamLPB9uVpcdew=",
        "owner": "nix-community",
        "repo": "NUR",
        "rev": "714dfe143f9281158a10d908cfe4394a73a71625",
        "type": "github"
      },
      "original": {
        "owner": "nix-community",
        "repo": "NUR",
        "type": "github"
      }
    },
    "ranger_devicons": {
      "flake": false,
      "locked": {
        "lastModified": 1687100646,
        "narHash": "sha256-MMPbYXlSLwECf/Li4KqYbSmKZ8n8LfTdkOfZKshJ30w=",
        "owner": "alexanderjeurissen",
        "repo": "ranger_devicons",
        "rev": "1b5780117eeebdfcd221ce45823a1ddef8399848",
        "type": "github"
      },
      "original": {
        "owner": "alexanderjeurissen",
        "repo": "ranger_devicons",
        "type": "github"
      }
    },
    "root": {
      "inputs": {
        "emacs-overlay": "emacs-overlay",
        "home-manager": "home-manager",
        "hyprland": "hyprland",
        "nixpkgs": "nixpkgs_2",
        "nur": "nur",
        "ranger_devicons": "ranger_devicons"
      }
    },
    "wlroots": {
      "flake": false,
      "locked": {
        "host": "gitlab.freedesktop.org",
        "lastModified": 1680810405,
        "narHash": "sha256-LmI/4Yp/pOOoI4RxLRx9I90NBsiqdRLVOfbATKlgpkg=",
        "owner": "wlroots",
        "repo": "wlroots",
        "rev": "7abda952d0000b72d240fe1d41457b9288f0b6e5",
        "type": "gitlab"
      },
      "original": {
        "host": "gitlab.freedesktop.org",
        "owner": "wlroots",
        "repo": "wlroots",
        "type": "gitlab"
      }
    },
    "xdph": {
      "inputs": {
        "hyprland-protocols": [
          "hyprland",
          "hyprland-protocols"
        ],
        "nixpkgs": [
          "hyprland",
          "nixpkgs"
        ]
      },
      "locked": {
        "lastModified": 1681127512,
        "narHash": "sha256-vklOOhBj5W8fii6yN4L2WY5ZeifBmsq3+mJ2wC1Pk9U=",
        "owner": "hyprwm",
        "repo": "xdg-desktop-portal-hyprland",
        "rev": "04f579377a32781ce57c9cf4ba2a5bcb7f53fa97",
        "type": "github"
      },
      "original": {
        "owner": "hyprwm",
        "repo": "xdg-desktop-portal-hyprland",
        "type": "github"
      }
    }
  },
  "root": "root",
  "version": 7
}
